// !$*UTF8*$!
{
	archiveVersion = 1;
	classes = {
	};
	objectVersion = 46;
	objects = {

/* Begin PBXGroup section */
		873FD5EA1CD7D3BB0091FA3A = {
			isa = PBXGroup;
			children = (
			);
			sourceTree = "<group>";
		};
/* End PBXGroup section */

/* Begin PBXProject section */
		873FD5EB1CD7D3BB0091FA3A /* Project object */ = {
			isa = PBXProject;
			attributes = {
				LastUpgradeCheck = 0730;
			};
			buildConfigurationList = 873FD5EE1CD7D3BB0091FA3A /* Build configuration list for PBXProject "564hw4" */;
			compatibilityVersion = "Xcode 3.2";
			developmentRegion = English;
			hasScannedForEncodings = 0;
			knownRegions = (
				en,
			);
			mainGroup = 873FD5EA1CD7D3BB0091FA3A;
			projectDirPath = "";
			projectRoot = "";
			targets = (
			);
		};
/* End PBXProject section */

/* Begin XCBuildConfiguration section */
		873FD5EF1CD7D3BB0091FA3A /* Debug */ = {
			isa = XCBuildConfiguration;
			buildSettings = {
			};
			name = Debug;
		};
		873FD5F01CD7D3BB0091FA3A /* Release */ = {
			isa = XCBuildConfiguration;
			buildSettings = {
			};
			name = Release;
		};
/* End XCBuildConfiguration section */

/* Begin XCConfigurationList section */
		873FD5EE1CD7D3BB0091FA3A /* Build configuration list for PBXProject "564hw4" */ = {
			isa = XCConfigurationList;
			buildConfigurations = (
				873FD5EF1CD7D3BB0091FA3A /* Debug */,
				873FD5F01CD7D3BB0091FA3A /* Release */,
			);
			defaultConfigurationIsVisible = 0;
			defaultConfigurationName = Release;
		};
/* End XCConfigurationList section */
	};
	rootObject = 873FD5EB1CD7D3BB0091FA3A /* Project object */;
}
